
Microsoft Visual Studio Solution File, Format Version 12.00
# Visual Studio Version 17
VisualStudioVersion = 17.10.34916.146
MinimumVisualStudioVersion = 10.0.40219.1
Project("{FAE04EC0-301F-11D3-BF4B-00C04F79EFBC}") = "ConsoleApp4", "ConsoleApp4\ConsoleApp4.csproj", "{197AEDF4-6BC4-4C49-BBBF-F8FCB779972E}"
EndProject
Global
	GlobalSection(SolutionConfigurationPlatforms) = preSolution
		Debug|Any CPU = Debug|Any CPU
		Release|Any CPU = Release|Any CPU
	EndGlobalSection
	GlobalSection(ProjectConfigurationPlatforms) = postSolution
		{197AEDF4-6BC4-4C49-BBBF-F8FCB779972E}.Debug|Any CPU.ActiveCfg = Debug|Any CPU
		{197AEDF4-6BC4-4C49-BBBF-F8FCB779972E}.Debug|Any CPU.Build.0 = Debug|Any CPU
		{197AEDF4-6BC4-4C49-BBBF-F8FCB779972E}.Release|Any CPU.ActiveCfg = Release|Any CPU
		{197AEDF4-6BC4-4C49-BBBF-F8FCB779972E}.Release|Any CPU.Build.0 = Release|Any CPU
	EndGlobalSection
	GlobalSection(SolutionProperties) = preSolution
		HideSolutionNode = FALSE
	EndGlobalSection
	GlobalSection(ExtensibilityGlobals) = postSolution
		SolutionGuid = {527A4D16-479B-4B8A-9C59-62D64FD06F1A}
	EndGlobalSection
EndGlobal
